{
  "name": "mischmasch-host",
  "version": "1.0.0",
  "lockfileVersion": 1,
  "requires": true,
  "dependencies": {
    "array-equal": {
      "version": "1.0.0",
      "resolved": "https://registry.npmjs.org/array-equal/-/array-equal-1.0.0.tgz",
      "integrity": "sha1-jCpe8kcv2ep0KwTHenUJO6J1fJM="
    },
    "gotlib": {
      "version": "1.0.1",
      "resolved": "https://registry.npmjs.org/gotlib/-/gotlib-1.0.1.tgz",
      "integrity": "sha512-lWOh/4R8WKpTfACmkG2yaIy95Zp4OpYqsQGlI8MBbEyiY+B0w+9vzY9FGDdItl93brKOV/Y1Bc1sgiGbKXnb/A==",
      "requires": {
        "array-equal": "^1.0.0"
      }
    },
    "ws": {
      "version": "7.3.1",
      "resolved": "https://registry.npmjs.org/ws/-/ws-7.3.1.tgz",
      "integrity": "sha512-D3RuNkynyHmEJIpD2qrgVkc9DQ23OrN/moAwZX4L8DfvszsJxpjQuUq3LMx6HoYji9fbIOBY18XWBsAux1ZZUA=="
    }
  }
}
